
Microsoft Visual Studio Solution File, Format Version 12.00
# Visual Studio Version 17
VisualStudioVersion = 17.3.32825.248
MinimumVisualStudioVersion = 10.0.40219.1
Project("{FAE04EC0-301F-11D3-BF4B-00C04F79EFBC}") = "MathLogicAndAlghTheory", "MathLogicAndAlghTheory.csproj", "{E01CBA8C-A830-4437-9C7A-1B34ABCA0986}"
EndProject
Global
	GlobalSection(SolutionConfigurationPlatforms) = preSolution
		Debug|Any CPU = Debug|Any CPU
		Release|Any CPU = Release|Any CPU
	EndGlobalSection
	GlobalSection(ProjectConfigurationPlatforms) = postSolution
		{E01CBA8C-A830-4437-9C7A-1B34ABCA0986}.Debug|Any CPU.ActiveCfg = Debug|Any CPU
		{E01CBA8C-A830-4437-9C7A-1B34ABCA0986}.Debug|Any CPU.Build.0 = Debug|Any CPU
		{E01CBA8C-A830-4437-9C7A-1B34ABCA0986}.Release|Any CPU.ActiveCfg = Release|Any CPU
		{E01CBA8C-A830-4437-9C7A-1B34ABCA0986}.Release|Any CPU.Build.0 = Release|Any CPU
	EndGlobalSection
	GlobalSection(SolutionProperties) = preSolution
		HideSolutionNode = FALSE
	EndGlobalSection
	GlobalSection(ExtensibilityGlobals) = postSolution
		SolutionGuid = {AAC55295-A952-4ED3-AC1E-BDA13964C956}
	EndGlobalSection
EndGlobal
